
Microsoft Visual Studio Solution File, Format Version 12.00
# Visual Studio Version 16
VisualStudioVersion = 16.0.31702.278
MinimumVisualStudioVersion = 10.0.40219.1
Project("{6EC3EE1D-3C4E-46DD-8F32-0CC8E7565705}") = "RunLengthEncoding", "RunLengthEncoding.fsproj", "{6717AE0A-BCAE-482C-B128-48EAF72250B1}"
EndProject
Global
	GlobalSection(SolutionConfigurationPlatforms) = preSolution
		Debug|Any CPU = Debug|Any CPU
		Release|Any CPU = Release|Any CPU
	EndGlobalSection
	GlobalSection(ProjectConfigurationPlatforms) = postSolution
		{6717AE0A-BCAE-482C-B128-48EAF72250B1}.Debug|Any CPU.ActiveCfg = Debug|Any CPU
		{6717AE0A-BCAE-482C-B128-48EAF72250B1}.Debug|Any CPU.Build.0 = Debug|Any CPU
		{6717AE0A-BCAE-482C-B128-48EAF72250B1}.Release|Any CPU.ActiveCfg = Release|Any CPU
		{6717AE0A-BCAE-482C-B128-48EAF72250B1}.Release|Any CPU.Build.0 = Release|Any CPU
	EndGlobalSection
	GlobalSection(SolutionProperties) = preSolution
		HideSolutionNode = FALSE
	EndGlobalSection
	GlobalSection(ExtensibilityGlobals) = postSolution
		SolutionGuid = {3260642B-2E42-47B5-BFD9-FC44842B8740}
	EndGlobalSection
EndGlobal
