
Microsoft Visual Studio Solution File, Format Version 12.00
# Visual Studio Version 16
VisualStudioVersion = 16.0.31702.278
MinimumVisualStudioVersion = 10.0.40219.1
Project("{6EC3EE1D-3C4E-46DD-8F32-0CC8E7565705}") = "PhoneNumber", "PhoneNumber.fsproj", "{A59FAA48-C799-4BF2-B9AE-A6A294790AC9}"
EndProject
Global
	GlobalSection(SolutionConfigurationPlatforms) = preSolution
		Debug|Any CPU = Debug|Any CPU
		Release|Any CPU = Release|Any CPU
	EndGlobalSection
	GlobalSection(ProjectConfigurationPlatforms) = postSolution
		{A59FAA48-C799-4BF2-B9AE-A6A294790AC9}.Debug|Any CPU.ActiveCfg = Debug|Any CPU
		{A59FAA48-C799-4BF2-B9AE-A6A294790AC9}.Debug|Any CPU.Build.0 = Debug|Any CPU
		{A59FAA48-C799-4BF2-B9AE-A6A294790AC9}.Release|Any CPU.ActiveCfg = Release|Any CPU
		{A59FAA48-C799-4BF2-B9AE-A6A294790AC9}.Release|Any CPU.Build.0 = Release|Any CPU
	EndGlobalSection
	GlobalSection(SolutionProperties) = preSolution
		HideSolutionNode = FALSE
	EndGlobalSection
	GlobalSection(ExtensibilityGlobals) = postSolution
		SolutionGuid = {8E3F73B1-55D0-464A-913C-C62EE43279EB}
	EndGlobalSection
EndGlobal
