
Microsoft Visual Studio Solution File, Format Version 12.00
# Visual Studio Version 16
VisualStudioVersion = 16.0.31515.178
MinimumVisualStudioVersion = 10.0.40219.1
Project("{6EC3EE1D-3C4E-46DD-8F32-0CC8E7565705}") = "TracksOnTracksOnTracks", "TracksOnTracksOnTracks.fsproj", "{EB358384-86D4-467D-9D60-7421F186487C}"
EndProject
Global
	GlobalSection(SolutionConfigurationPlatforms) = preSolution
		Debug|Any CPU = Debug|Any CPU
		Release|Any CPU = Release|Any CPU
	EndGlobalSection
	GlobalSection(ProjectConfigurationPlatforms) = postSolution
		{EB358384-86D4-467D-9D60-7421F186487C}.Debug|Any CPU.ActiveCfg = Debug|Any CPU
		{EB358384-86D4-467D-9D60-7421F186487C}.Debug|Any CPU.Build.0 = Debug|Any CPU
		{EB358384-86D4-467D-9D60-7421F186487C}.Release|Any CPU.ActiveCfg = Release|Any CPU
		{EB358384-86D4-467D-9D60-7421F186487C}.Release|Any CPU.Build.0 = Release|Any CPU
	EndGlobalSection
	GlobalSection(SolutionProperties) = preSolution
		HideSolutionNode = FALSE
	EndGlobalSection
	GlobalSection(ExtensibilityGlobals) = postSolution
		SolutionGuid = {F0D3765D-2B03-4A6F-903A-830892687CC0}
	EndGlobalSection
EndGlobal
